// !$*UTF8*$!
{
	archiveVersion = 1;
	classes = {
	};
	objectVersion = 56;
	objects = {

/* Begin PBXBuildFile section */
		076E08922A2C6A1000ABE16D /* AppDelegate.swift in Sources */ = {isa = PBXBuildFile; fileRef = 076E08912A2C6A1000ABE16D /* AppDelegate.swift */; };
		076E08942A2C6A1000ABE16D /* SceneDelegate.swift in Sources */ = {isa = PBXBuildFile; fileRef = 076E08932A2C6A1000ABE16D /* SceneDelegate.swift */; };
		076E08962A2C6A1000ABE16D /* ViewController.swift in Sources */ = {isa = PBXBuildFile; fileRef = 076E08952A2C6A1000ABE16D /* ViewController.swift */; };
		076E08992A2C6A1000ABE16D /* Main.storyboard in Resources */ = {isa = PBXBuildFile; fileRef = 076E08972A2C6A1000ABE16D /* Main.storyboard */; };
		076E089B2A2C6A1100ABE16D /* Assets.xcassets in Resources */ = {isa = PBXBuildFile; fileRef = 076E089A2A2C6A1100ABE16D /* Assets.xcassets */; };
		076E089E2A2C6A1100ABE16D /* LaunchScreen.storyboard in Resources */ = {isa = PBXBuildFile; fileRef = 076E089C2A2C6A1100ABE16D /* LaunchScreen.storyboard */; };
		076E08A62A2C6DB000ABE16D /* ViewController2.swift in Sources */ = {isa = PBXBuildFile; fileRef = 076E08A52A2C6DB000ABE16D /* ViewController2.swift */; };
		076E08A82A2C6DC700ABE16D /* Kisiler.swift in Sources */ = {isa = PBXBuildFile; fileRef = 076E08A72A2C6DC700ABE16D /* Kisiler.swift */; };
/* End PBXBuildFile section */

/* Begin PBXFileReference section */
		076E088E2A2C6A1000ABE16D /* Navigation Controller ile nesne gonderme.app */ = {isa = PBXFileReference; explicitFileType = wrapper.application; includeInIndex = 0; path = "Navigation Controller ile nesne gonderme.app"; sourceTree = BUILT_PRODUCTS_DIR; };
		076E08912A2C6A1000ABE16D /* AppDelegate.swift */ = {isa = PBXFileReference; lastKnownFileType = sourcecode.swift; path = AppDelegate.swift; sourceTree = "<group>"; };
		076E08932A2C6A1000ABE16D /* SceneDelegate.swift */ = {isa = PBXFileReference; lastKnownFileType = sourcecode.swift; path = SceneDelegate.swift; sourceTree = "<group>"; };
		076E08952A2C6A1000ABE16D /* ViewController.swift */ = {isa = PBXFileReference; lastKnownFileType = sourcecode.swift; path = ViewController.swift; sourceTree = "<group>"; };
		076E08982A2C6A1000ABE16D /* Base */ = {isa = PBXFileReference; lastKnownFileType = file.storyboard; name = Base; path = Base.lproj/Main.storyboard; sourceTree = "<group>"; };
		076E089A2A2C6A1100ABE16D /* Assets.xcassets */ = {isa = PBXFileReference; lastKnownFileType = folder.assetcatalog; path = Assets.xcassets; sourceTree = "<group>"; };
		076E089D2A2C6A1100ABE16D /* Base */ = {isa = PBXFileReference; lastKnownFileType = file.storyboard; name = Base; path = Base.lproj/LaunchScreen.storyboard; sourceTree = "<group>"; };
		076E089F2A2C6A1100ABE16D /* Info.plist */ = {isa = PBXFileReference; lastKnownFileType = text.plist.xml; path = Info.plist; sourceTree = "<group>"; };
		076E08A52A2C6DB000ABE16D /* ViewController2.swift */ = {isa = PBXFileReference; lastKnownFileType = sourcecode.swift; path = ViewController2.swift; sourceTree = "<group>"; };
		076E08A72A2C6DC700ABE16D /* Kisiler.swift */ = {isa = PBXFileReference; lastKnownFileType = sourcecode.swift; path = Kisiler.swift; sourceTree = "<group>"; };
/* End PBXFileReference section */

/* Begin PBXFrameworksBuildPhase section */
		076E088B2A2C6A1000ABE16D /* Frameworks */ = {
			isa = PBXFrameworksBuildPhase;
			buildActionMask = 2147483647;
			files = (
			);
			runOnlyForDeploymentPostprocessing = 0;
		};
/* End PBXFrameworksBuildPhase section */

/* Begin PBXGroup section */
		076E08852A2C6A1000ABE16D = {
			isa = PBXGroup;
			children = (
				076E08902A2C6A1000ABE16D /* Navigation Controller ile nesne gonderme */,
				076E088F2A2C6A1000ABE16D /* Products */,
			);
			sourceTree = "<group>";
		};
		076E088F2A2C6A1000ABE16D /* Products */ = {
			isa = PBXGroup;
			children = (
				076E088E2A2C6A1000ABE16D /* Navigation Controller ile nesne gonderme.app */,
			);
			name = Products;
			sourceTree = "<group>";
		};
		076E08902A2C6A1000ABE16D /* Navigation Controller ile nesne gonderme */ = {
			isa = PBXGroup;
			children = (
				076E08912A2C6A1000ABE16D /* AppDelegate.swift */,
				076E08932A2C6A1000ABE16D /* SceneDelegate.swift */,
				076E08952A2C6A1000ABE16D /* ViewController.swift */,
				076E08A52A2C6DB000ABE16D /* ViewController2.swift */,
				076E08A72A2C6DC700ABE16D /* Kisiler.swift */,
				076E08972A2C6A1000ABE16D /* Main.storyboard */,
				076E089A2A2C6A1100ABE16D /* Assets.xcassets */,
				076E089C2A2C6A1100ABE16D /* LaunchScreen.storyboard */,
				076E089F2A2C6A1100ABE16D /* Info.plist */,
			);
			path = "Navigation Controller ile nesne gonderme";
			sourceTree = "<group>";
		};
/* End PBXGroup section */

/* Begin PBXNativeTarget section */
		076E088D2A2C6A1000ABE16D /* Navigation Controller ile nesne gonderme */ = {
			isa = PBXNativeTarget;
			buildConfigurationList = 076E08A22A2C6A1100ABE16D /* Build configuration list for PBXNativeTarget "Navigation Controller ile nesne gonderme" */;
			buildPhases = (
				076E088A2A2C6A1000ABE16D /* Sources */,
				076E088B2A2C6A1000ABE16D /* Frameworks */,
				076E088C2A2C6A1000ABE16D /* Resources */,
			);
			buildRules = (
			);
			dependencies = (
			);
			name = "Navigation Controller ile nesne gonderme";
			productName = "Navigation Controller ile nesne gonderme";
			productReference = 076E088E2A2C6A1000ABE16D /* Navigation Controller ile nesne gonderme.app */;
			productType = "com.apple.product-type.application";
		};
/* End PBXNativeTarget section */

/* Begin PBXProject section */
		076E08862A2C6A1000ABE16D /* Project object */ = {
			isa = PBXProject;
			attributes = {
				BuildIndependentTargetsInParallel = 1;
				LastSwiftUpdateCheck = 1430;
				LastUpgradeCheck = 1430;
				TargetAttributes = {
					076E088D2A2C6A1000ABE16D = {
						CreatedOnToolsVersion = 14.3;
					};
				};
			};
			buildConfigurationList = 076E08892A2C6A1000ABE16D /* Build configuration list for PBXProject "Navigation Controller ile nesne gonderme" */;
			compatibilityVersion = "Xcode 14.0";
			developmentRegion = en;
			hasScannedForEncodings = 0;
			knownRegions = (
				en,
				Base,
			);
			mainGroup = 076E08852A2C6A1000ABE16D;
			productRefGroup = 076E088F2A2C6A1000ABE16D /* Products */;
			projectDirPath = "";
			projectRoot = "";
			targets = (
				076E088D2A2C6A1000ABE16D /* Navigation Controller ile nesne gonderme */,
			);
		};
/* End PBXProject section */

/* Begin PBXResourcesBuildPhase section */
		076E088C2A2C6A1000ABE16D /* Resources */ = {
			isa = PBXResourcesBuildPhase;
			buildActionMask = 2147483647;
			files = (
				076E089E2A2C6A1100ABE16D /* LaunchScreen.storyboard in Resources */,
				076E089B2A2C6A1100ABE16D /* Assets.xcassets in Resources */,
				076E08992A2C6A1000ABE16D /* Main.storyboard in Resources */,
			);
			runOnlyForDeploymentPostprocessing = 0;
		};
/* End PBXResourcesBuildPhase section */

/* Begin PBXSourcesBuildPhase section */
		076E088A2A2C6A1000ABE16D /* Sources */ = {
			isa = PBXSourcesBuildPhase;
			buildActionMask = 2147483647;
			files = (
				076E08962A2C6A1000ABE16D /* ViewController.swift in Sources */,
				076E08A62A2C6DB000ABE16D /* ViewController2.swift in Sources */,
				076E08922A2C6A1000ABE16D /* AppDelegate.swift in Sources */,
				076E08942A2C6A1000ABE16D /* SceneDelegate.swift in Sources */,
				076E08A82A2C6DC700ABE16D /* Kisiler.swift in Sources */,
			);
			runOnlyForDeploymentPostprocessing = 0;
		};
/* End PBXSourcesBuildPhase section */

/* Begin PBXVariantGroup section */
		076E08972A2C6A1000ABE16D /* Main.storyboard */ = {
			isa = PBXVariantGroup;
			children = (
				076E08982A2C6A1000ABE16D /* Base */,
			);
			name = Main.storyboard;
			sourceTree = "<group>";
		};
		076E089C2A2C6A1100ABE16D /* LaunchScreen.storyboard */ = {
			isa = PBXVariantGroup;
			children = (
				076E089D2A2C6A1100ABE16D /* Base */,
			);
			name = LaunchScreen.storyboard;
			sourceTree = "<group>";
		};
/* End PBXVariantGroup section */

/* Begin XCBuildConfiguration section */
		076E08A02A2C6A1100ABE16D /* Debug */ = {
			isa = XCBuildConfiguration;
			buildSettings = {
				ALWAYS_SEARCH_USER_PATHS = NO;
				CLANG_ANALYZER_NONNULL = YES;
				CLANG_ANALYZER_NUMBER_OBJECT_CONVERSION = YES_AGGRESSIVE;
				CLANG_CXX_LANGUAGE_STANDARD = "gnu++20";
				CLANG_ENABLE_MODULES = YES;
				CLANG_ENABLE_OBJC_ARC = YES;
				CLANG_ENABLE_OBJC_WEAK = YES;
				CLANG_WARN_BLOCK_CAPTURE_AUTORELEASING = YES;
				CLANG_WARN_BOOL_CONVERSION = YES;
				CLANG_WARN_COMMA = YES;
				CLANG_WARN_CONSTANT_CONVERSION = YES;
				CLANG_WARN_DEPRECATED_OBJC_IMPLEMENTATIONS = YES;
				CLANG_WARN_DIRECT_OBJC_ISA_USAGE = YES_ERROR;
				CLANG_WARN_DOCUMENTATION_COMMENTS = YES;
				CLANG_WARN_EMPTY_BODY = YES;
				CLANG_WARN_ENUM_CONVERSION = YES;
				CLANG_WARN_INFINITE_RECURSION = YES;
				CLANG_WARN_INT_CONVERSION = YES;
				CLANG_WARN_NON_LITERAL_NULL_CONVERSION = YES;
				CLANG_WARN_OBJC_IMPLICIT_RETAIN_SELF = YES;
				CLANG_WARN_OBJC_LITERAL_CONVERSION = YES;
				CLANG_WARN_OBJC_ROOT_CLASS = YES_ERROR;
				CLANG_WARN_QUOTED_INCLUDE_IN_FRAMEWORK_HEADER = YES;
				CLANG_WARN_RANGE_LOOP_ANALYSIS = YES;
				CLANG_WARN_STRICT_PROTOTYPES = YES;
				CLANG_WARN_SUSPICIOUS_MOVE = YES;
				CLANG_WARN_UNGUARDED_AVAILABILITY = YES_AGGRESSIVE;
				CLANG_WARN_UNREACHABLE_CODE = YES;
				CLANG_WARN__DUPLICATE_METHOD_MATCH = YES;
				COPY_PHASE_STRIP = NO;
				DEBUG_INFORMATION_FORMAT = dwarf;
				ENABLE_STRICT_OBJC_MSGSEND = YES;
				ENABLE_TESTABILITY = YES;
				GCC_C_LANGUAGE_STANDARD = gnu11;
				GCC_DYNAMIC_NO_PIC = NO;
				GCC_NO_COMMON_BLOCKS = YES;
				GCC_OPTIMIZATION_LEVEL = 0;
				GCC_PREPROCESSOR_DEFINITIONS = (
					"DEBUG=1",
					"$(inherited)",
				);
				GCC_WARN_64_TO_32_BIT_CONVERSION = YES;
				GCC_WARN_ABOUT_RETURN_TYPE = YES_ERROR;
				GCC_WARN_UNDECLARED_SELECTOR = YES;
				GCC_WARN_UNINITIALIZED_AUTOS = YES_AGGRESSIVE;
				GCC_WARN_UNUSED_FUNCTION = YES;
				GCC_WARN_UNUSED_VARIABLE = YES;
				IPHONEOS_DEPLOYMENT_TARGET = 16.4;
				MTL_ENABLE_DEBUG_INFO = INCLUDE_SOURCE;
				MTL_FAST_MATH = YES;
				ONLY_ACTIVE_ARCH = YES;
				SDKROOT = iphoneos;
				SWIFT_ACTIVE_COMPILATION_CONDITIONS = DEBUG;
				SWIFT_OPTIMIZATION_LEVEL = "-Onone";
			};
			name = Debug;
		};
		076E08A12A2C6A1100ABE16D /* Release */ = {
			isa = XCBuildConfiguration;
			buildSettings = {
				ALWAYS_SEARCH_USER_PATHS = NO;
				CLANG_ANALYZER_NONNULL = YES;
				CLANG_ANALYZER_NUMBER_OBJECT_CONVERSION = YES_AGGRESSIVE;
				CLANG_CXX_LANGUAGE_STANDARD = "gnu++20";
				CLANG_ENABLE_MODULES = YES;
				CLANG_ENABLE_OBJC_ARC = YES;
				CLANG_ENABLE_OBJC_WEAK = YES;
				CLANG_WARN_BLOCK_CAPTURE_AUTORELEASING = YES;
				CLANG_WARN_BOOL_CONVERSION = YES;
				CLANG_WARN_COMMA = YES;
				CLANG_WARN_CONSTANT_CONVERSION = YES;
				CLANG_WARN_DEPRECATED_OBJC_IMPLEMENTATIONS = YES;
				CLANG_WARN_DIRECT_OBJC_ISA_USAGE = YES_ERROR;
				CLANG_WARN_DOCUMENTATION_COMMENTS = YES;
				CLANG_WARN_EMPTY_BODY = YES;
				CLANG_WARN_ENUM_CONVERSION = YES;
				CLANG_WARN_INFINITE_RECURSION = YES;
				CLANG_WARN_INT_CONVERSION = YES;
				CLANG_WARN_NON_LITERAL_NULL_CONVERSION = YES;
				CLANG_WARN_OBJC_IMPLICIT_RETAIN_SELF = YES;
				CLANG_WARN_OBJC_LITERAL_CONVERSION = YES;
				CLANG_WARN_OBJC_ROOT_CLASS = YES_ERROR;
				CLANG_WARN_QUOTED_INCLUDE_IN_FRAMEWORK_HEADER = YES;
				CLANG_WARN_RANGE_LOOP_ANALYSIS = YES;
				CLANG_WARN_STRICT_PROTOTYPES = YES;
				CLANG_WARN_SUSPICIOUS_MOVE = YES;
				CLANG_WARN_UNGUARDED_AVAILABILITY = YES_AGGRESSIVE;
				CLANG_WARN_UNREACHABLE_CODE = YES;
				CLANG_WARN__DUPLICATE_METHOD_MATCH = YES;
				COPY_PHASE_STRIP = NO;
				DEBUG_INFORMATION_FORMAT = "dwarf-with-dsym";
				ENABLE_NS_ASSERTIONS = NO;
				ENABLE_STRICT_OBJC_MSGSEND = YES;
				GCC_C_LANGUAGE_STANDARD = gnu11;
				GCC_NO_COMMON_BLOCKS = YES;
				GCC_WARN_64_TO_32_BIT_CONVERSION = YES;
				GCC_WARN_ABOUT_RETURN_TYPE = YES_ERROR;
				GCC_WARN_UNDECLARED_SELECTOR = YES;
				GCC_WARN_UNINITIALIZED_AUTOS = YES_AGGRESSIVE;
				GCC_WARN_UNUSED_FUNCTION = YES;
				GCC_WARN_UNUSED_VARIABLE = YES;
				IPHONEOS_DEPLOYMENT_TARGET = 16.4;
				MTL_ENABLE_DEBUG_INFO = NO;
				MTL_FAST_MATH = YES;
				SDKROOT = iphoneos;
				SWIFT_COMPILATION_MODE = wholemodule;
				SWIFT_OPTIMIZATION_LEVEL = "-O";
				VALIDATE_PRODUCT = YES;
			};
			name = Release;
		};
		076E08A32A2C6A1100ABE16D /* Debug */ = {
			isa = XCBuildConfiguration;
			buildSettings = {
				ASSETCATALOG_COMPILER_APPICON_NAME = AppIcon;
				ASSETCATALOG_COMPILER_GLOBAL_ACCENT_COLOR_NAME = AccentColor;
				CODE_SIGN_STYLE = Automatic;
				CURRENT_PROJECT_VERSION = 1;
				DEVELOPMENT_TEAM = 29A9N8YV49;
				GENERATE_INFOPLIST_FILE = YES;
				INFOPLIST_FILE = "Navigation Controller ile nesne gonderme/Info.plist";
				INFOPLIST_KEY_UIApplicationSupportsIndirectInputEvents = YES;
				INFOPLIST_KEY_UILaunchStoryboardName = LaunchScreen;
				INFOPLIST_KEY_UIMainStoryboardFile = Main;
				INFOPLIST_KEY_UISupportedInterfaceOrientations_iPad = "UIInterfaceOrientationPortrait UIInterfaceOrientationPortraitUpsideDown UIInterfaceOrientationLandscapeLeft UIInterfaceOrientationLandscapeRight";
				INFOPLIST_KEY_UISupportedInterfaceOrientations_iPhone = "UIInterfaceOrientationPortrait UIInterfaceOrientationLandscapeLeft UIInterfaceOrientationLandscapeRight";
				LD_RUNPATH_SEARCH_PATHS = (
					"$(inherited)",
					"@executable_path/Frameworks",
				);
				MARKETING_VERSION = 1.0;
				PRODUCT_BUNDLE_IDENTIFIER = "com.suleymanyazici.Navigation-Controller-ile-nesne-gonderme";
				PRODUCT_NAME = "$(TARGET_NAME)";
				SWIFT_EMIT_LOC_STRINGS = YES;
				SWIFT_VERSION = 5.0;
				TARGETED_DEVICE_FAMILY = "1,2";
			};
			name = Debug;
		};
		076E08A42A2C6A1100ABE16D /* Release */ = {
			isa = XCBuildConfiguration;
			buildSettings = {
				ASSETCATALOG_COMPILER_APPICON_NAME = AppIcon;
				ASSETCATALOG_COMPILER_GLOBAL_ACCENT_COLOR_NAME = AccentColor;
				CODE_SIGN_STYLE = Automatic;
				CURRENT_PROJECT_VERSION = 1;
				DEVELOPMENT_TEAM = 29A9N8YV49;
				GENERATE_INFOPLIST_FILE = YES;
				INFOPLIST_FILE = "Navigation Controller ile nesne gonderme/Info.plist";
				INFOPLIST_KEY_UIApplicationSupportsIndirectInputEvents = YES;
				INFOPLIST_KEY_UILaunchStoryboardName = LaunchScreen;
				INFOPLIST_KEY_UIMainStoryboardFile = Main;
				INFOPLIST_KEY_UISupportedInterfaceOrientations_iPad = "UIInterfaceOrientationPortrait UIInterfaceOrientationPortraitUpsideDown UIInterfaceOrientationLandscapeLeft UIInterfaceOrientationLandscapeRight";
				INFOPLIST_KEY_UISupportedInterfaceOrientations_iPhone = "UIInterfaceOrientationPortrait UIInterfaceOrientationLandscapeLeft UIInterfaceOrientationLandscapeRight";
				LD_RUNPATH_SEARCH_PATHS = (
					"$(inherited)",
					"@executable_path/Frameworks",
				);
				MARKETING_VERSION = 1.0;
				PRODUCT_BUNDLE_IDENTIFIER = "com.suleymanyazici.Navigation-Controller-ile-nesne-gonderme";
				PRODUCT_NAME = "$(TARGET_NAME)";
				SWIFT_EMIT_LOC_STRINGS = YES;
				SWIFT_VERSION = 5.0;
				TARGETED_DEVICE_FAMILY = "1,2";
			};
			name = Release;
		};
/* End XCBuildConfiguration section */

/* Begin XCConfigurationList section */
		076E08892A2C6A1000ABE16D /* Build configuration list for PBXProject "Navigation Controller ile nesne gonderme" */ = {
			isa = XCConfigurationList;
			buildConfigurations = (
				076E08A02A2C6A1100ABE16D /* Debug */,
				076E08A12A2C6A1100ABE16D /* Release */,
			);
			defaultConfigurationIsVisible = 0;
			defaultConfigurationName = Release;
		};
		076E08A22A2C6A1100ABE16D /* Build configuration list for PBXNativeTarget "Navigation Controller ile nesne gonderme" */ = {
			isa = XCConfigurationList;
			buildConfigurations = (
				076E08A32A2C6A1100ABE16D /* Debug */,
				076E08A42A2C6A1100ABE16D /* Release */,
			);
			defaultConfigurationIsVisible = 0;
			defaultConfigurationName = Release;
		};
/* End XCConfigurationList section */
	};
	rootObject = 076E08862A2C6A1000ABE16D /* Project object */;
}
