// !$*UTF8*$!
{
	archiveVersion = 1;
	classes = {
	};
	objectVersion = 56;
	objects = {

/* Begin PBXBuildFile section */
		0723F0562A27040700393F38 /* AppDelegate.swift in Sources */ = {isa = PBXBuildFile; fileRef = 0723F0552A27040700393F38 /* AppDelegate.swift */; };
		0723F0582A27040700393F38 /* SceneDelegate.swift in Sources */ = {isa = PBXBuildFile; fileRef = 0723F0572A27040700393F38 /* SceneDelegate.swift */; };
		0723F05A2A27040700393F38 /* ViewController.swift in Sources */ = {isa = PBXBuildFile; fileRef = 0723F0592A27040700393F38 /* ViewController.swift */; };
		0723F05D2A27040700393F38 /* Main.storyboard in Resources */ = {isa = PBXBuildFile; fileRef = 0723F05B2A27040700393F38 /* Main.storyboard */; };
		0723F05F2A27040900393F38 /* Assets.xcassets in Resources */ = {isa = PBXBuildFile; fileRef = 0723F05E2A27040900393F38 /* Assets.xcassets */; };
		0723F0622A27040900393F38 /* LaunchScreen.storyboard in Resources */ = {isa = PBXBuildFile; fileRef = 0723F0602A27040900393F38 /* LaunchScreen.storyboard */; };
		0723F06A2A2704EB00393F38 /* vc2.swift in Sources */ = {isa = PBXBuildFile; fileRef = 0723F0692A2704EB00393F38 /* vc2.swift */; };
		0723F06C2A2704F400393F38 /* vc3.swift in Sources */ = {isa = PBXBuildFile; fileRef = 0723F06B2A2704F400393F38 /* vc3.swift */; };
/* End PBXBuildFile section */

/* Begin PBXFileReference section */
		0723F0522A27040700393F38 /* present_modaly_sayfalar arası gecis.app */ = {isa = PBXFileReference; explicitFileType = wrapper.application; includeInIndex = 0; path = "present_modaly_sayfalar arası gecis.app"; sourceTree = BUILT_PRODUCTS_DIR; };
		0723F0552A27040700393F38 /* AppDelegate.swift */ = {isa = PBXFileReference; lastKnownFileType = sourcecode.swift; path = AppDelegate.swift; sourceTree = "<group>"; };
		0723F0572A27040700393F38 /* SceneDelegate.swift */ = {isa = PBXFileReference; lastKnownFileType = sourcecode.swift; path = SceneDelegate.swift; sourceTree = "<group>"; };
		0723F0592A27040700393F38 /* ViewController.swift */ = {isa = PBXFileReference; lastKnownFileType = sourcecode.swift; path = ViewController.swift; sourceTree = "<group>"; };
		0723F05C2A27040700393F38 /* Base */ = {isa = PBXFileReference; lastKnownFileType = file.storyboard; name = Base; path = Base.lproj/Main.storyboard; sourceTree = "<group>"; };
		0723F05E2A27040900393F38 /* Assets.xcassets */ = {isa = PBXFileReference; lastKnownFileType = folder.assetcatalog; path = Assets.xcassets; sourceTree = "<group>"; };
		0723F0612A27040900393F38 /* Base */ = {isa = PBXFileReference; lastKnownFileType = file.storyboard; name = Base; path = Base.lproj/LaunchScreen.storyboard; sourceTree = "<group>"; };
		0723F0632A27040900393F38 /* Info.plist */ = {isa = PBXFileReference; lastKnownFileType = text.plist.xml; path = Info.plist; sourceTree = "<group>"; };
		0723F0692A2704EB00393F38 /* vc2.swift */ = {isa = PBXFileReference; lastKnownFileType = sourcecode.swift; path = vc2.swift; sourceTree = "<group>"; };
		0723F06B2A2704F400393F38 /* vc3.swift */ = {isa = PBXFileReference; lastKnownFileType = sourcecode.swift; path = vc3.swift; sourceTree = "<group>"; };
/* End PBXFileReference section */

/* Begin PBXFrameworksBuildPhase section */
		0723F04F2A27040700393F38 /* Frameworks */ = {
			isa = PBXFrameworksBuildPhase;
			buildActionMask = 2147483647;
			files = (
			);
			runOnlyForDeploymentPostprocessing = 0;
		};
/* End PBXFrameworksBuildPhase section */

/* Begin PBXGroup section */
		0723F0492A27040700393F38 = {
			isa = PBXGroup;
			children = (
				0723F0542A27040700393F38 /* present_modaly_sayfalar arası gecis */,
				0723F0532A27040700393F38 /* Products */,
			);
			sourceTree = "<group>";
		};
		0723F0532A27040700393F38 /* Products */ = {
			isa = PBXGroup;
			children = (
				0723F0522A27040700393F38 /* present_modaly_sayfalar arası gecis.app */,
			);
			name = Products;
			sourceTree = "<group>";
		};
		0723F0542A27040700393F38 /* present_modaly_sayfalar arası gecis */ = {
			isa = PBXGroup;
			children = (
				0723F0552A27040700393F38 /* AppDelegate.swift */,
				0723F0572A27040700393F38 /* SceneDelegate.swift */,
				0723F0592A27040700393F38 /* ViewController.swift */,
				0723F05B2A27040700393F38 /* Main.storyboard */,
				0723F0692A2704EB00393F38 /* vc2.swift */,
				0723F06B2A2704F400393F38 /* vc3.swift */,
				0723F05E2A27040900393F38 /* Assets.xcassets */,
				0723F0602A27040900393F38 /* LaunchScreen.storyboard */,
				0723F0632A27040900393F38 /* Info.plist */,
			);
			path = "present_modaly_sayfalar arası gecis";
			sourceTree = "<group>";
		};
/* End PBXGroup section */

/* Begin PBXNativeTarget section */
		0723F0512A27040700393F38 /* present_modaly_sayfalar arası gecis */ = {
			isa = PBXNativeTarget;
			buildConfigurationList = 0723F0662A27040900393F38 /* Build configuration list for PBXNativeTarget "present_modaly_sayfalar arası gecis" */;
			buildPhases = (
				0723F04E2A27040700393F38 /* Sources */,
				0723F04F2A27040700393F38 /* Frameworks */,
				0723F0502A27040700393F38 /* Resources */,
			);
			buildRules = (
			);
			dependencies = (
			);
			name = "present_modaly_sayfalar arası gecis";
			productName = "present_modaly_sayfalar arası gecis";
			productReference = 0723F0522A27040700393F38 /* present_modaly_sayfalar arası gecis.app */;
			productType = "com.apple.product-type.application";
		};
/* End PBXNativeTarget section */

/* Begin PBXProject section */
		0723F04A2A27040700393F38 /* Project object */ = {
			isa = PBXProject;
			attributes = {
				BuildIndependentTargetsInParallel = 1;
				LastSwiftUpdateCheck = 1430;
				LastUpgradeCheck = 1430;
				TargetAttributes = {
					0723F0512A27040700393F38 = {
						CreatedOnToolsVersion = 14.3;
					};
				};
			};
			buildConfigurationList = 0723F04D2A27040700393F38 /* Build configuration list for PBXProject "present_modaly_sayfalar arası gecis" */;
			compatibilityVersion = "Xcode 14.0";
			developmentRegion = en;
			hasScannedForEncodings = 0;
			knownRegions = (
				en,
				Base,
			);
			mainGroup = 0723F0492A27040700393F38;
			productRefGroup = 0723F0532A27040700393F38 /* Products */;
			projectDirPath = "";
			projectRoot = "";
			targets = (
				0723F0512A27040700393F38 /* present_modaly_sayfalar arası gecis */,
			);
		};
/* End PBXProject section */

/* Begin PBXResourcesBuildPhase section */
		0723F0502A27040700393F38 /* Resources */ = {
			isa = PBXResourcesBuildPhase;
			buildActionMask = 2147483647;
			files = (
				0723F0622A27040900393F38 /* LaunchScreen.storyboard in Resources */,
				0723F05F2A27040900393F38 /* Assets.xcassets in Resources */,
				0723F05D2A27040700393F38 /* Main.storyboard in Resources */,
			);
			runOnlyForDeploymentPostprocessing = 0;
		};
/* End PBXResourcesBuildPhase section */

/* Begin PBXSourcesBuildPhase section */
		0723F04E2A27040700393F38 /* Sources */ = {
			isa = PBXSourcesBuildPhase;
			buildActionMask = 2147483647;
			files = (
				0723F05A2A27040700393F38 /* ViewController.swift in Sources */,
				0723F0562A27040700393F38 /* AppDelegate.swift in Sources */,
				0723F0582A27040700393F38 /* SceneDelegate.swift in Sources */,
				0723F06A2A2704EB00393F38 /* vc2.swift in Sources */,
				0723F06C2A2704F400393F38 /* vc3.swift in Sources */,
			);
			runOnlyForDeploymentPostprocessing = 0;
		};
/* End PBXSourcesBuildPhase section */

/* Begin PBXVariantGroup section */
		0723F05B2A27040700393F38 /* Main.storyboard */ = {
			isa = PBXVariantGroup;
			children = (
				0723F05C2A27040700393F38 /* Base */,
			);
			name = Main.storyboard;
			sourceTree = "<group>";
		};
		0723F0602A27040900393F38 /* LaunchScreen.storyboard */ = {
			isa = PBXVariantGroup;
			children = (
				0723F0612A27040900393F38 /* Base */,
			);
			name = LaunchScreen.storyboard;
			sourceTree = "<group>";
		};
/* End PBXVariantGroup section */

/* Begin XCBuildConfiguration section */
		0723F0642A27040900393F38 /* Debug */ = {
			isa = XCBuildConfiguration;
			buildSettings = {
				ALWAYS_SEARCH_USER_PATHS = NO;
				CLANG_ANALYZER_NONNULL = YES;
				CLANG_ANALYZER_NUMBER_OBJECT_CONVERSION = YES_AGGRESSIVE;
				CLANG_CXX_LANGUAGE_STANDARD = "gnu++20";
				CLANG_ENABLE_MODULES = YES;
				CLANG_ENABLE_OBJC_ARC = YES;
				CLANG_ENABLE_OBJC_WEAK = YES;
				CLANG_WARN_BLOCK_CAPTURE_AUTORELEASING = YES;
				CLANG_WARN_BOOL_CONVERSION = YES;
				CLANG_WARN_COMMA = YES;
				CLANG_WARN_CONSTANT_CONVERSION = YES;
				CLANG_WARN_DEPRECATED_OBJC_IMPLEMENTATIONS = YES;
				CLANG_WARN_DIRECT_OBJC_ISA_USAGE = YES_ERROR;
				CLANG_WARN_DOCUMENTATION_COMMENTS = YES;
				CLANG_WARN_EMPTY_BODY = YES;
				CLANG_WARN_ENUM_CONVERSION = YES;
				CLANG_WARN_INFINITE_RECURSION = YES;
				CLANG_WARN_INT_CONVERSION = YES;
				CLANG_WARN_NON_LITERAL_NULL_CONVERSION = YES;
				CLANG_WARN_OBJC_IMPLICIT_RETAIN_SELF = YES;
				CLANG_WARN_OBJC_LITERAL_CONVERSION = YES;
				CLANG_WARN_OBJC_ROOT_CLASS = YES_ERROR;
				CLANG_WARN_QUOTED_INCLUDE_IN_FRAMEWORK_HEADER = YES;
				CLANG_WARN_RANGE_LOOP_ANALYSIS = YES;
				CLANG_WARN_STRICT_PROTOTYPES = YES;
				CLANG_WARN_SUSPICIOUS_MOVE = YES;
				CLANG_WARN_UNGUARDED_AVAILABILITY = YES_AGGRESSIVE;
				CLANG_WARN_UNREACHABLE_CODE = YES;
				CLANG_WARN__DUPLICATE_METHOD_MATCH = YES;
				COPY_PHASE_STRIP = NO;
				DEBUG_INFORMATION_FORMAT = dwarf;
				ENABLE_STRICT_OBJC_MSGSEND = YES;
				ENABLE_TESTABILITY = YES;
				GCC_C_LANGUAGE_STANDARD = gnu11;
				GCC_DYNAMIC_NO_PIC = NO;
				GCC_NO_COMMON_BLOCKS = YES;
				GCC_OPTIMIZATION_LEVEL = 0;
				GCC_PREPROCESSOR_DEFINITIONS = (
					"DEBUG=1",
					"$(inherited)",
				);
				GCC_WARN_64_TO_32_BIT_CONVERSION = YES;
				GCC_WARN_ABOUT_RETURN_TYPE = YES_ERROR;
				GCC_WARN_UNDECLARED_SELECTOR = YES;
				GCC_WARN_UNINITIALIZED_AUTOS = YES_AGGRESSIVE;
				GCC_WARN_UNUSED_FUNCTION = YES;
				GCC_WARN_UNUSED_VARIABLE = YES;
				IPHONEOS_DEPLOYMENT_TARGET = 16.4;
				MTL_ENABLE_DEBUG_INFO = INCLUDE_SOURCE;
				MTL_FAST_MATH = YES;
				ONLY_ACTIVE_ARCH = YES;
				SDKROOT = iphoneos;
				SWIFT_ACTIVE_COMPILATION_CONDITIONS = DEBUG;
				SWIFT_OPTIMIZATION_LEVEL = "-Onone";
			};
			name = Debug;
		};
		0723F0652A27040900393F38 /* Release */ = {
			isa = XCBuildConfiguration;
			buildSettings = {
				ALWAYS_SEARCH_USER_PATHS = NO;
				CLANG_ANALYZER_NONNULL = YES;
				CLANG_ANALYZER_NUMBER_OBJECT_CONVERSION = YES_AGGRESSIVE;
				CLANG_CXX_LANGUAGE_STANDARD = "gnu++20";
				CLANG_ENABLE_MODULES = YES;
				CLANG_ENABLE_OBJC_ARC = YES;
				CLANG_ENABLE_OBJC_WEAK = YES;
				CLANG_WARN_BLOCK_CAPTURE_AUTORELEASING = YES;
				CLANG_WARN_BOOL_CONVERSION = YES;
				CLANG_WARN_COMMA = YES;
				CLANG_WARN_CONSTANT_CONVERSION = YES;
				CLANG_WARN_DEPRECATED_OBJC_IMPLEMENTATIONS = YES;
				CLANG_WARN_DIRECT_OBJC_ISA_USAGE = YES_ERROR;
				CLANG_WARN_DOCUMENTATION_COMMENTS = YES;
				CLANG_WARN_EMPTY_BODY = YES;
				CLANG_WARN_ENUM_CONVERSION = YES;
				CLANG_WARN_INFINITE_RECURSION = YES;
				CLANG_WARN_INT_CONVERSION = YES;
				CLANG_WARN_NON_LITERAL_NULL_CONVERSION = YES;
				CLANG_WARN_OBJC_IMPLICIT_RETAIN_SELF = YES;
				CLANG_WARN_OBJC_LITERAL_CONVERSION = YES;
				CLANG_WARN_OBJC_ROOT_CLASS = YES_ERROR;
				CLANG_WARN_QUOTED_INCLUDE_IN_FRAMEWORK_HEADER = YES;
				CLANG_WARN_RANGE_LOOP_ANALYSIS = YES;
				CLANG_WARN_STRICT_PROTOTYPES = YES;
				CLANG_WARN_SUSPICIOUS_MOVE = YES;
				CLANG_WARN_UNGUARDED_AVAILABILITY = YES_AGGRESSIVE;
				CLANG_WARN_UNREACHABLE_CODE = YES;
				CLANG_WARN__DUPLICATE_METHOD_MATCH = YES;
				COPY_PHASE_STRIP = NO;
				DEBUG_INFORMATION_FORMAT = "dwarf-with-dsym";
				ENABLE_NS_ASSERTIONS = NO;
				ENABLE_STRICT_OBJC_MSGSEND = YES;
				GCC_C_LANGUAGE_STANDARD = gnu11;
				GCC_NO_COMMON_BLOCKS = YES;
				GCC_WARN_64_TO_32_BIT_CONVERSION = YES;
				GCC_WARN_ABOUT_RETURN_TYPE = YES_ERROR;
				GCC_WARN_UNDECLARED_SELECTOR = YES;
				GCC_WARN_UNINITIALIZED_AUTOS = YES_AGGRESSIVE;
				GCC_WARN_UNUSED_FUNCTION = YES;
				GCC_WARN_UNUSED_VARIABLE = YES;
				IPHONEOS_DEPLOYMENT_TARGET = 16.4;
				MTL_ENABLE_DEBUG_INFO = NO;
				MTL_FAST_MATH = YES;
				SDKROOT = iphoneos;
				SWIFT_COMPILATION_MODE = wholemodule;
				SWIFT_OPTIMIZATION_LEVEL = "-O";
				VALIDATE_PRODUCT = YES;
			};
			name = Release;
		};
		0723F0672A27040900393F38 /* Debug */ = {
			isa = XCBuildConfiguration;
			buildSettings = {
				ASSETCATALOG_COMPILER_APPICON_NAME = AppIcon;
				ASSETCATALOG_COMPILER_GLOBAL_ACCENT_COLOR_NAME = AccentColor;
				CODE_SIGN_STYLE = Automatic;
				CURRENT_PROJECT_VERSION = 1;
				DEVELOPMENT_TEAM = 29A9N8YV49;
				GENERATE_INFOPLIST_FILE = YES;
				INFOPLIST_FILE = "present_modaly_sayfalar arası gecis/Info.plist";
				INFOPLIST_KEY_UIApplicationSupportsIndirectInputEvents = YES;
				INFOPLIST_KEY_UILaunchStoryboardName = LaunchScreen;
				INFOPLIST_KEY_UIMainStoryboardFile = Main;
				INFOPLIST_KEY_UISupportedInterfaceOrientations_iPad = "UIInterfaceOrientationPortrait UIInterfaceOrientationPortraitUpsideDown UIInterfaceOrientationLandscapeLeft UIInterfaceOrientationLandscapeRight";
				INFOPLIST_KEY_UISupportedInterfaceOrientations_iPhone = "UIInterfaceOrientationPortrait UIInterfaceOrientationLandscapeLeft UIInterfaceOrientationLandscapeRight";
				LD_RUNPATH_SEARCH_PATHS = (
					"$(inherited)",
					"@executable_path/Frameworks",
				);
				MARKETING_VERSION = 1.0;
				PRODUCT_BUNDLE_IDENTIFIER = "com.suleymanyazici.present-modaly-sayfalar-aras--gecis";
				PRODUCT_NAME = "$(TARGET_NAME)";
				SWIFT_EMIT_LOC_STRINGS = YES;
				SWIFT_VERSION = 5.0;
				TARGETED_DEVICE_FAMILY = "1,2";
			};
			name = Debug;
		};
		0723F0682A27040900393F38 /* Release */ = {
			isa = XCBuildConfiguration;
			buildSettings = {
				ASSETCATALOG_COMPILER_APPICON_NAME = AppIcon;
				ASSETCATALOG_COMPILER_GLOBAL_ACCENT_COLOR_NAME = AccentColor;
				CODE_SIGN_STYLE = Automatic;
				CURRENT_PROJECT_VERSION = 1;
				DEVELOPMENT_TEAM = 29A9N8YV49;
				GENERATE_INFOPLIST_FILE = YES;
				INFOPLIST_FILE = "present_modaly_sayfalar arası gecis/Info.plist";
				INFOPLIST_KEY_UIApplicationSupportsIndirectInputEvents = YES;
				INFOPLIST_KEY_UILaunchStoryboardName = LaunchScreen;
				INFOPLIST_KEY_UIMainStoryboardFile = Main;
				INFOPLIST_KEY_UISupportedInterfaceOrientations_iPad = "UIInterfaceOrientationPortrait UIInterfaceOrientationPortraitUpsideDown UIInterfaceOrientationLandscapeLeft UIInterfaceOrientationLandscapeRight";
				INFOPLIST_KEY_UISupportedInterfaceOrientations_iPhone = "UIInterfaceOrientationPortrait UIInterfaceOrientationLandscapeLeft UIInterfaceOrientationLandscapeRight";
				LD_RUNPATH_SEARCH_PATHS = (
					"$(inherited)",
					"@executable_path/Frameworks",
				);
				MARKETING_VERSION = 1.0;
				PRODUCT_BUNDLE_IDENTIFIER = "com.suleymanyazici.present-modaly-sayfalar-aras--gecis";
				PRODUCT_NAME = "$(TARGET_NAME)";
				SWIFT_EMIT_LOC_STRINGS = YES;
				SWIFT_VERSION = 5.0;
				TARGETED_DEVICE_FAMILY = "1,2";
			};
			name = Release;
		};
/* End XCBuildConfiguration section */

/* Begin XCConfigurationList section */
		0723F04D2A27040700393F38 /* Build configuration list for PBXProject "present_modaly_sayfalar arası gecis" */ = {
			isa = XCConfigurationList;
			buildConfigurations = (
				0723F0642A27040900393F38 /* Debug */,
				0723F0652A27040900393F38 /* Release */,
			);
			defaultConfigurationIsVisible = 0;
			defaultConfigurationName = Release;
		};
		0723F0662A27040900393F38 /* Build configuration list for PBXNativeTarget "present_modaly_sayfalar arası gecis" */ = {
			isa = XCConfigurationList;
			buildConfigurations = (
				0723F0672A27040900393F38 /* Debug */,
				0723F0682A27040900393F38 /* Release */,
			);
			defaultConfigurationIsVisible = 0;
			defaultConfigurationName = Release;
		};
/* End XCConfigurationList section */
	};
	rootObject = 0723F04A2A27040700393F38 /* Project object */;
}
