// !$*UTF8*$!
{
	archiveVersion = 1;
	classes = {
	};
	objectVersion = 56;
	objects = {

/* Begin PBXBuildFile section */
		071143222A798279001EAF6B /* AppDelegate.swift in Sources */ = {isa = PBXBuildFile; fileRef = 071143212A798279001EAF6B /* AppDelegate.swift */; };
		071143242A798279001EAF6B /* SceneDelegate.swift in Sources */ = {isa = PBXBuildFile; fileRef = 071143232A798279001EAF6B /* SceneDelegate.swift */; };
		071143262A798279001EAF6B /* ViewController.swift in Sources */ = {isa = PBXBuildFile; fileRef = 071143252A798279001EAF6B /* ViewController.swift */; };
		071143292A798279001EAF6B /* Main.storyboard in Resources */ = {isa = PBXBuildFile; fileRef = 071143272A798279001EAF6B /* Main.storyboard */; };
		0711432B2A79827D001EAF6B /* Assets.xcassets in Resources */ = {isa = PBXBuildFile; fileRef = 0711432A2A79827D001EAF6B /* Assets.xcassets */; };
		0711432E2A79827D001EAF6B /* LaunchScreen.storyboard in Resources */ = {isa = PBXBuildFile; fileRef = 0711432C2A79827D001EAF6B /* LaunchScreen.storyboard */; };
		072BD5EC2A7A3D2500DA2662 /* TableViewCell.swift in Sources */ = {isa = PBXBuildFile; fileRef = 072BD5EB2A7A3D2500DA2662 /* TableViewCell.swift */; };
		07E66D722A7BE52E008CE4D2 /* bos.swift in Sources */ = {isa = PBXBuildFile; fileRef = 07E66D712A7BE52E008CE4D2 /* bos.swift */; };
		07E66D742A7BE538008CE4D2 /* bos2.swift in Sources */ = {isa = PBXBuildFile; fileRef = 07E66D732A7BE538008CE4D2 /* bos2.swift */; };
		07E9AAB52A7A424E002C34EF /* isim.swift in Sources */ = {isa = PBXBuildFile; fileRef = 07E9AAB42A7A424E002C34EF /* isim.swift */; };
/* End PBXBuildFile section */

/* Begin PBXFileReference section */
		0711431E2A798279001EAF6B /* ayrintiliCell.app */ = {isa = PBXFileReference; explicitFileType = wrapper.application; includeInIndex = 0; path = ayrintiliCell.app; sourceTree = BUILT_PRODUCTS_DIR; };
		071143212A798279001EAF6B /* AppDelegate.swift */ = {isa = PBXFileReference; lastKnownFileType = sourcecode.swift; path = AppDelegate.swift; sourceTree = "<group>"; };
		071143232A798279001EAF6B /* SceneDelegate.swift */ = {isa = PBXFileReference; lastKnownFileType = sourcecode.swift; path = SceneDelegate.swift; sourceTree = "<group>"; };
		071143252A798279001EAF6B /* ViewController.swift */ = {isa = PBXFileReference; lastKnownFileType = sourcecode.swift; path = ViewController.swift; sourceTree = "<group>"; };
		071143282A798279001EAF6B /* Base */ = {isa = PBXFileReference; lastKnownFileType = file.storyboard; name = Base; path = Base.lproj/Main.storyboard; sourceTree = "<group>"; };
		0711432A2A79827D001EAF6B /* Assets.xcassets */ = {isa = PBXFileReference; lastKnownFileType = folder.assetcatalog; path = Assets.xcassets; sourceTree = "<group>"; };
		0711432D2A79827D001EAF6B /* Base */ = {isa = PBXFileReference; lastKnownFileType = file.storyboard; name = Base; path = Base.lproj/LaunchScreen.storyboard; sourceTree = "<group>"; };
		0711432F2A79827D001EAF6B /* Info.plist */ = {isa = PBXFileReference; lastKnownFileType = text.plist.xml; path = Info.plist; sourceTree = "<group>"; };
		072BD5EB2A7A3D2500DA2662 /* TableViewCell.swift */ = {isa = PBXFileReference; fileEncoding = 4; lastKnownFileType = sourcecode.swift; path = TableViewCell.swift; sourceTree = SOURCE_ROOT; };
		07E66D712A7BE52E008CE4D2 /* bos.swift */ = {isa = PBXFileReference; lastKnownFileType = sourcecode.swift; path = bos.swift; sourceTree = "<group>"; };
		07E66D732A7BE538008CE4D2 /* bos2.swift */ = {isa = PBXFileReference; lastKnownFileType = sourcecode.swift; path = bos2.swift; sourceTree = "<group>"; };
		07E9AAB42A7A424E002C34EF /* isim.swift */ = {isa = PBXFileReference; lastKnownFileType = sourcecode.swift; path = isim.swift; sourceTree = "<group>"; };
/* End PBXFileReference section */

/* Begin PBXFrameworksBuildPhase section */
		0711431B2A798279001EAF6B /* Frameworks */ = {
			isa = PBXFrameworksBuildPhase;
			buildActionMask = 2147483647;
			files = (
			);
			runOnlyForDeploymentPostprocessing = 0;
		};
/* End PBXFrameworksBuildPhase section */

/* Begin PBXGroup section */
		071143152A798279001EAF6B = {
			isa = PBXGroup;
			children = (
				071143202A798279001EAF6B /* ayrintiliCell */,
				0711431F2A798279001EAF6B /* Products */,
			);
			sourceTree = "<group>";
		};
		0711431F2A798279001EAF6B /* Products */ = {
			isa = PBXGroup;
			children = (
				0711431E2A798279001EAF6B /* ayrintiliCell.app */,
			);
			name = Products;
			sourceTree = "<group>";
		};
		071143202A798279001EAF6B /* ayrintiliCell */ = {
			isa = PBXGroup;
			children = (
				071143212A798279001EAF6B /* AppDelegate.swift */,
				071143232A798279001EAF6B /* SceneDelegate.swift */,
				071143252A798279001EAF6B /* ViewController.swift */,
				072BD5EB2A7A3D2500DA2662 /* TableViewCell.swift */,
				07E9AAB42A7A424E002C34EF /* isim.swift */,
				071143272A798279001EAF6B /* Main.storyboard */,
				0711432A2A79827D001EAF6B /* Assets.xcassets */,
				0711432C2A79827D001EAF6B /* LaunchScreen.storyboard */,
				0711432F2A79827D001EAF6B /* Info.plist */,
				07E66D712A7BE52E008CE4D2 /* bos.swift */,
				07E66D732A7BE538008CE4D2 /* bos2.swift */,
			);
			path = ayrintiliCell;
			sourceTree = "<group>";
		};
/* End PBXGroup section */

/* Begin PBXNativeTarget section */
		0711431D2A798279001EAF6B /* ayrintiliCell */ = {
			isa = PBXNativeTarget;
			buildConfigurationList = 071143322A79827D001EAF6B /* Build configuration list for PBXNativeTarget "ayrintiliCell" */;
			buildPhases = (
				0711431A2A798279001EAF6B /* Sources */,
				0711431B2A798279001EAF6B /* Frameworks */,
				0711431C2A798279001EAF6B /* Resources */,
			);
			buildRules = (
			);
			dependencies = (
			);
			name = ayrintiliCell;
			productName = ayrintiliCell;
			productReference = 0711431E2A798279001EAF6B /* ayrintiliCell.app */;
			productType = "com.apple.product-type.application";
		};
/* End PBXNativeTarget section */

/* Begin PBXProject section */
		071143162A798279001EAF6B /* Project object */ = {
			isa = PBXProject;
			attributes = {
				BuildIndependentTargetsInParallel = 1;
				LastSwiftUpdateCheck = 1500;
				LastUpgradeCheck = 1500;
				TargetAttributes = {
					0711431D2A798279001EAF6B = {
						CreatedOnToolsVersion = 15.0;
					};
				};
			};
			buildConfigurationList = 071143192A798279001EAF6B /* Build configuration list for PBXProject "ayrintiliCell" */;
			compatibilityVersion = "Xcode 14.0";
			developmentRegion = en;
			hasScannedForEncodings = 0;
			knownRegions = (
				en,
				Base,
			);
			mainGroup = 071143152A798279001EAF6B;
			productRefGroup = 0711431F2A798279001EAF6B /* Products */;
			projectDirPath = "";
			projectRoot = "";
			targets = (
				0711431D2A798279001EAF6B /* ayrintiliCell */,
			);
		};
/* End PBXProject section */

/* Begin PBXResourcesBuildPhase section */
		0711431C2A798279001EAF6B /* Resources */ = {
			isa = PBXResourcesBuildPhase;
			buildActionMask = 2147483647;
			files = (
				0711432E2A79827D001EAF6B /* LaunchScreen.storyboard in Resources */,
				0711432B2A79827D001EAF6B /* Assets.xcassets in Resources */,
				071143292A798279001EAF6B /* Main.storyboard in Resources */,
			);
			runOnlyForDeploymentPostprocessing = 0;
		};
/* End PBXResourcesBuildPhase section */

/* Begin PBXSourcesBuildPhase section */
		0711431A2A798279001EAF6B /* Sources */ = {
			isa = PBXSourcesBuildPhase;
			buildActionMask = 2147483647;
			files = (
				071143262A798279001EAF6B /* ViewController.swift in Sources */,
				072BD5EC2A7A3D2500DA2662 /* TableViewCell.swift in Sources */,
				07E66D722A7BE52E008CE4D2 /* bos.swift in Sources */,
				071143222A798279001EAF6B /* AppDelegate.swift in Sources */,
				07E66D742A7BE538008CE4D2 /* bos2.swift in Sources */,
				07E9AAB52A7A424E002C34EF /* isim.swift in Sources */,
				071143242A798279001EAF6B /* SceneDelegate.swift in Sources */,
			);
			runOnlyForDeploymentPostprocessing = 0;
		};
/* End PBXSourcesBuildPhase section */

/* Begin PBXVariantGroup section */
		071143272A798279001EAF6B /* Main.storyboard */ = {
			isa = PBXVariantGroup;
			children = (
				071143282A798279001EAF6B /* Base */,
			);
			name = Main.storyboard;
			sourceTree = "<group>";
		};
		0711432C2A79827D001EAF6B /* LaunchScreen.storyboard */ = {
			isa = PBXVariantGroup;
			children = (
				0711432D2A79827D001EAF6B /* Base */,
			);
			name = LaunchScreen.storyboard;
			sourceTree = "<group>";
		};
/* End PBXVariantGroup section */

/* Begin XCBuildConfiguration section */
		071143302A79827D001EAF6B /* Debug */ = {
			isa = XCBuildConfiguration;
			buildSettings = {
				ALWAYS_SEARCH_USER_PATHS = NO;
				ASSETCATALOG_COMPILER_GENERATE_SWIFT_ASSET_SYMBOL_EXTENSIONS = YES;
				CLANG_ANALYZER_NONNULL = YES;
				CLANG_ANALYZER_NUMBER_OBJECT_CONVERSION = YES_AGGRESSIVE;
				CLANG_CXX_LANGUAGE_STANDARD = "gnu++20";
				CLANG_ENABLE_MODULES = YES;
				CLANG_ENABLE_OBJC_ARC = YES;
				CLANG_ENABLE_OBJC_WEAK = YES;
				CLANG_WARN_BLOCK_CAPTURE_AUTORELEASING = YES;
				CLANG_WARN_BOOL_CONVERSION = YES;
				CLANG_WARN_COMMA = YES;
				CLANG_WARN_CONSTANT_CONVERSION = YES;
				CLANG_WARN_DEPRECATED_OBJC_IMPLEMENTATIONS = YES;
				CLANG_WARN_DIRECT_OBJC_ISA_USAGE = YES_ERROR;
				CLANG_WARN_DOCUMENTATION_COMMENTS = YES;
				CLANG_WARN_EMPTY_BODY = YES;
				CLANG_WARN_ENUM_CONVERSION = YES;
				CLANG_WARN_INFINITE_RECURSION = YES;
				CLANG_WARN_INT_CONVERSION = YES;
				CLANG_WARN_NON_LITERAL_NULL_CONVERSION = YES;
				CLANG_WARN_OBJC_IMPLICIT_RETAIN_SELF = YES;
				CLANG_WARN_OBJC_LITERAL_CONVERSION = YES;
				CLANG_WARN_OBJC_ROOT_CLASS = YES_ERROR;
				CLANG_WARN_QUOTED_INCLUDE_IN_FRAMEWORK_HEADER = YES;
				CLANG_WARN_RANGE_LOOP_ANALYSIS = YES;
				CLANG_WARN_STRICT_PROTOTYPES = YES;
				CLANG_WARN_SUSPICIOUS_MOVE = YES;
				CLANG_WARN_UNGUARDED_AVAILABILITY = YES_AGGRESSIVE;
				CLANG_WARN_UNREACHABLE_CODE = YES;
				CLANG_WARN__DUPLICATE_METHOD_MATCH = YES;
				COPY_PHASE_STRIP = NO;
				DEBUG_INFORMATION_FORMAT = dwarf;
				ENABLE_STRICT_OBJC_MSGSEND = YES;
				ENABLE_TESTABILITY = YES;
				ENABLE_USER_SCRIPT_SANDBOXING = YES;
				GCC_C_LANGUAGE_STANDARD = gnu17;
				GCC_DYNAMIC_NO_PIC = NO;
				GCC_NO_COMMON_BLOCKS = YES;
				GCC_OPTIMIZATION_LEVEL = 0;
				GCC_PREPROCESSOR_DEFINITIONS = (
					"DEBUG=1",
					"$(inherited)",
				);
				GCC_WARN_64_TO_32_BIT_CONVERSION = YES;
				GCC_WARN_ABOUT_RETURN_TYPE = YES_ERROR;
				GCC_WARN_UNDECLARED_SELECTOR = YES;
				GCC_WARN_UNINITIALIZED_AUTOS = YES_AGGRESSIVE;
				GCC_WARN_UNUSED_FUNCTION = YES;
				GCC_WARN_UNUSED_VARIABLE = YES;
				IPHONEOS_DEPLOYMENT_TARGET = 17.0;
				LOCALIZATION_PREFERS_STRING_CATALOGS = YES;
				MTL_ENABLE_DEBUG_INFO = INCLUDE_SOURCE;
				MTL_FAST_MATH = YES;
				ONLY_ACTIVE_ARCH = YES;
				SDKROOT = iphoneos;
				SWIFT_ACTIVE_COMPILATION_CONDITIONS = "DEBUG $(inherited)";
				SWIFT_OPTIMIZATION_LEVEL = "-Onone";
			};
			name = Debug;
		};
		071143312A79827D001EAF6B /* Release */ = {
			isa = XCBuildConfiguration;
			buildSettings = {
				ALWAYS_SEARCH_USER_PATHS = NO;
				ASSETCATALOG_COMPILER_GENERATE_SWIFT_ASSET_SYMBOL_EXTENSIONS = YES;
				CLANG_ANALYZER_NONNULL = YES;
				CLANG_ANALYZER_NUMBER_OBJECT_CONVERSION = YES_AGGRESSIVE;
				CLANG_CXX_LANGUAGE_STANDARD = "gnu++20";
				CLANG_ENABLE_MODULES = YES;
				CLANG_ENABLE_OBJC_ARC = YES;
				CLANG_ENABLE_OBJC_WEAK = YES;
				CLANG_WARN_BLOCK_CAPTURE_AUTORELEASING = YES;
				CLANG_WARN_BOOL_CONVERSION = YES;
				CLANG_WARN_COMMA = YES;
				CLANG_WARN_CONSTANT_CONVERSION = YES;
				CLANG_WARN_DEPRECATED_OBJC_IMPLEMENTATIONS = YES;
				CLANG_WARN_DIRECT_OBJC_ISA_USAGE = YES_ERROR;
				CLANG_WARN_DOCUMENTATION_COMMENTS = YES;
				CLANG_WARN_EMPTY_BODY = YES;
				CLANG_WARN_ENUM_CONVERSION = YES;
				CLANG_WARN_INFINITE_RECURSION = YES;
				CLANG_WARN_INT_CONVERSION = YES;
				CLANG_WARN_NON_LITERAL_NULL_CONVERSION = YES;
				CLANG_WARN_OBJC_IMPLICIT_RETAIN_SELF = YES;
				CLANG_WARN_OBJC_LITERAL_CONVERSION = YES;
				CLANG_WARN_OBJC_ROOT_CLASS = YES_ERROR;
				CLANG_WARN_QUOTED_INCLUDE_IN_FRAMEWORK_HEADER = YES;
				CLANG_WARN_RANGE_LOOP_ANALYSIS = YES;
				CLANG_WARN_STRICT_PROTOTYPES = YES;
				CLANG_WARN_SUSPICIOUS_MOVE = YES;
				CLANG_WARN_UNGUARDED_AVAILABILITY = YES_AGGRESSIVE;
				CLANG_WARN_UNREACHABLE_CODE = YES;
				CLANG_WARN__DUPLICATE_METHOD_MATCH = YES;
				COPY_PHASE_STRIP = NO;
				DEBUG_INFORMATION_FORMAT = "dwarf-with-dsym";
				ENABLE_NS_ASSERTIONS = NO;
				ENABLE_STRICT_OBJC_MSGSEND = YES;
				ENABLE_USER_SCRIPT_SANDBOXING = YES;
				GCC_C_LANGUAGE_STANDARD = gnu17;
				GCC_NO_COMMON_BLOCKS = YES;
				GCC_WARN_64_TO_32_BIT_CONVERSION = YES;
				GCC_WARN_ABOUT_RETURN_TYPE = YES_ERROR;
				GCC_WARN_UNDECLARED_SELECTOR = YES;
				GCC_WARN_UNINITIALIZED_AUTOS = YES_AGGRESSIVE;
				GCC_WARN_UNUSED_FUNCTION = YES;
				GCC_WARN_UNUSED_VARIABLE = YES;
				IPHONEOS_DEPLOYMENT_TARGET = 17.0;
				LOCALIZATION_PREFERS_STRING_CATALOGS = YES;
				MTL_ENABLE_DEBUG_INFO = NO;
				MTL_FAST_MATH = YES;
				SDKROOT = iphoneos;
				SWIFT_COMPILATION_MODE = wholemodule;
				VALIDATE_PRODUCT = YES;
			};
			name = Release;
		};
		071143332A79827D001EAF6B /* Debug */ = {
			isa = XCBuildConfiguration;
			buildSettings = {
				ASSETCATALOG_COMPILER_APPICON_NAME = AppIcon;
				ASSETCATALOG_COMPILER_GLOBAL_ACCENT_COLOR_NAME = AccentColor;
				CODE_SIGN_STYLE = Automatic;
				CURRENT_PROJECT_VERSION = 1;
				DEVELOPMENT_TEAM = 29A9N8YV49;
				GENERATE_INFOPLIST_FILE = YES;
				INFOPLIST_FILE = ayrintiliCell/Info.plist;
				INFOPLIST_KEY_UIApplicationSupportsIndirectInputEvents = YES;
				INFOPLIST_KEY_UILaunchStoryboardName = LaunchScreen;
				INFOPLIST_KEY_UIMainStoryboardFile = Main;
				INFOPLIST_KEY_UISupportedInterfaceOrientations_iPad = "UIInterfaceOrientationPortrait UIInterfaceOrientationPortraitUpsideDown UIInterfaceOrientationLandscapeLeft UIInterfaceOrientationLandscapeRight";
				INFOPLIST_KEY_UISupportedInterfaceOrientations_iPhone = "UIInterfaceOrientationPortrait UIInterfaceOrientationLandscapeLeft UIInterfaceOrientationLandscapeRight";
				LD_RUNPATH_SEARCH_PATHS = (
					"$(inherited)",
					"@executable_path/Frameworks",
				);
				MARKETING_VERSION = 1.0;
				PRODUCT_BUNDLE_IDENTIFIER = com.suleymanyazici.ayrintiliCell;
				PRODUCT_NAME = "$(TARGET_NAME)";
				SWIFT_EMIT_LOC_STRINGS = YES;
				SWIFT_VERSION = 5.0;
				TARGETED_DEVICE_FAMILY = "1,2";
			};
			name = Debug;
		};
		071143342A79827D001EAF6B /* Release */ = {
			isa = XCBuildConfiguration;
			buildSettings = {
				ASSETCATALOG_COMPILER_APPICON_NAME = AppIcon;
				ASSETCATALOG_COMPILER_GLOBAL_ACCENT_COLOR_NAME = AccentColor;
				CODE_SIGN_STYLE = Automatic;
				CURRENT_PROJECT_VERSION = 1;
				DEVELOPMENT_TEAM = 29A9N8YV49;
				GENERATE_INFOPLIST_FILE = YES;
				INFOPLIST_FILE = ayrintiliCell/Info.plist;
				INFOPLIST_KEY_UIApplicationSupportsIndirectInputEvents = YES;
				INFOPLIST_KEY_UILaunchStoryboardName = LaunchScreen;
				INFOPLIST_KEY_UIMainStoryboardFile = Main;
				INFOPLIST_KEY_UISupportedInterfaceOrientations_iPad = "UIInterfaceOrientationPortrait UIInterfaceOrientationPortraitUpsideDown UIInterfaceOrientationLandscapeLeft UIInterfaceOrientationLandscapeRight";
				INFOPLIST_KEY_UISupportedInterfaceOrientations_iPhone = "UIInterfaceOrientationPortrait UIInterfaceOrientationLandscapeLeft UIInterfaceOrientationLandscapeRight";
				LD_RUNPATH_SEARCH_PATHS = (
					"$(inherited)",
					"@executable_path/Frameworks",
				);
				MARKETING_VERSION = 1.0;
				PRODUCT_BUNDLE_IDENTIFIER = com.suleymanyazici.ayrintiliCell;
				PRODUCT_NAME = "$(TARGET_NAME)";
				SWIFT_EMIT_LOC_STRINGS = YES;
				SWIFT_VERSION = 5.0;
				TARGETED_DEVICE_FAMILY = "1,2";
			};
			name = Release;
		};
/* End XCBuildConfiguration section */

/* Begin XCConfigurationList section */
		071143192A798279001EAF6B /* Build configuration list for PBXProject "ayrintiliCell" */ = {
			isa = XCConfigurationList;
			buildConfigurations = (
				071143302A79827D001EAF6B /* Debug */,
				071143312A79827D001EAF6B /* Release */,
			);
			defaultConfigurationIsVisible = 0;
			defaultConfigurationName = Release;
		};
		071143322A79827D001EAF6B /* Build configuration list for PBXNativeTarget "ayrintiliCell" */ = {
			isa = XCConfigurationList;
			buildConfigurations = (
				071143332A79827D001EAF6B /* Debug */,
				071143342A79827D001EAF6B /* Release */,
			);
			defaultConfigurationIsVisible = 0;
			defaultConfigurationName = Release;
		};
/* End XCConfigurationList section */
	};
	rootObject = 071143162A798279001EAF6B /* Project object */;
}
